// !$*UTF8*$!
{
	archiveVersion = 1;
	classes = {
	};
	objectVersion = 46;
	objects = {

/* Begin PBXBuildFile section */
		4B923E1520A4493000503299 /* VariadicTemplates.cpp in Sources */ = {isa = PBXBuildFile; fileRef = 4B923E1320A4493000503299 /* VariadicTemplates.cpp */; };
		4BC2C2E320A5C4B400B86FB9 /* Initialization_list.cpp in Sources */ = {isa = PBXBuildFile; fileRef = 4BC2C2E120A5C4B400B86FB9 /* Initialization_list.cpp */; };
		4BE1732E20A600D1007CD1B8 /* UserDefineLiterals.cpp in Sources */ = {isa = PBXBuildFile; fileRef = 4BE1732C20A600D1007CD1B8 /* UserDefineLiterals.cpp */; };
		4BE1733120A6E7AE007CD1B8 /* ByteArray.cpp in Sources */ = {isa = PBXBuildFile; fileRef = 4BE1732F20A6E7AE007CD1B8 /* ByteArray.cpp */; };
		4BE9F7D5209CD94400478031 /* test.cpp in Sources */ = {isa = PBXBuildFile; fileRef = 4BE9F7D3209CD94400478031 /* test.cpp */; };
		4BE9F7D8209CD98D00478031 /* main.cpp in Sources */ = {isa = PBXBuildFile; fileRef = 4BE9F7D6209CD98D00478031 /* main.cpp */; };
		4BE9F7DB209CDE1700478031 /* DuLinkList.cpp in Sources */ = {isa = PBXBuildFile; fileRef = 4BE9F7D9209CDE1700478031 /* DuLinkList.cpp */; };
		4BE9F7DE209E2CFB00478031 /* SingleLink.cpp in Sources */ = {isa = PBXBuildFile; fileRef = 4BE9F7DC209E2CFB00478031 /* SingleLink.cpp */; };
		4BE9F7E1209E377E00478031 /* StringUtils.cpp in Sources */ = {isa = PBXBuildFile; fileRef = 4BE9F7DF209E377E00478031 /* StringUtils.cpp */; };
/* End PBXBuildFile section */

/* Begin PBXCopyFilesBuildPhase section */
		4BA6268E207EFE690052DD03 /* CopyFiles */ = {
			isa = PBXCopyFilesBuildPhase;
			buildActionMask = 2147483647;
			dstPath = /usr/share/man/man1/;
			dstSubfolderSpec = 0;
			files = (
			);
			runOnlyForDeploymentPostprocessing = 1;
		};
/* End PBXCopyFilesBuildPhase section */

/* Begin PBXFileReference section */
		4B923E1320A4493000503299 /* VariadicTemplates.cpp */ = {isa = PBXFileReference; fileEncoding = 4; lastKnownFileType = sourcecode.cpp.cpp; path = VariadicTemplates.cpp; sourceTree = "<group>"; };
		4B923E1420A4493000503299 /* VariadicTemplates.hpp */ = {isa = PBXFileReference; fileEncoding = 4; lastKnownFileType = sourcecode.cpp.h; path = VariadicTemplates.hpp; sourceTree = "<group>"; };
		4BA62690207EFE6A0052DD03 /* testdddd */ = {isa = PBXFileReference; explicitFileType = "compiled.mach-o.executable"; includeInIndex = 0; path = testdddd; sourceTree = BUILT_PRODUCTS_DIR; };
		4BC2C2E120A5C4B400B86FB9 /* Initialization_list.cpp */ = {isa = PBXFileReference; fileEncoding = 4; lastKnownFileType = sourcecode.cpp.cpp; path = Initialization_list.cpp; sourceTree = "<group>"; };
		4BC2C2E220A5C4B400B86FB9 /* Initialization_list.hpp */ = {isa = PBXFileReference; fileEncoding = 4; lastKnownFileType = sourcecode.cpp.h; path = Initialization_list.hpp; sourceTree = "<group>"; };
		4BE1732C20A600D1007CD1B8 /* UserDefineLiterals.cpp */ = {isa = PBXFileReference; fileEncoding = 4; lastKnownFileType = sourcecode.cpp.cpp; path = UserDefineLiterals.cpp; sourceTree = "<group>"; };
		4BE1732D20A600D1007CD1B8 /* UserDefineLiterals.hpp */ = {isa = PBXFileReference; fileEncoding = 4; lastKnownFileType = sourcecode.cpp.h; path = UserDefineLiterals.hpp; sourceTree = "<group>"; };
		4BE1732F20A6E7AE007CD1B8 /* ByteArray.cpp */ = {isa = PBXFileReference; fileEncoding = 4; lastKnownFileType = sourcecode.cpp.cpp; path = ByteArray.cpp; sourceTree = "<group>"; };
		4BE1733020A6E7AE007CD1B8 /* ByteArray.hpp */ = {isa = PBXFileReference; fileEncoding = 4; lastKnownFileType = sourcecode.cpp.h; path = ByteArray.hpp; sourceTree = "<group>"; };
		4BE9F7D3209CD94400478031 /* test.cpp */ = {isa = PBXFileReference; fileEncoding = 4; lastKnownFileType = sourcecode.cpp.cpp; path = test.cpp; sourceTree = "<group>"; };
		4BE9F7D4209CD94400478031 /* test.hpp */ = {isa = PBXFileReference; fileEncoding = 4; lastKnownFileType = sourcecode.cpp.h; path = test.hpp; sourceTree = "<group>"; };
		4BE9F7D6209CD98D00478031 /* main.cpp */ = {isa = PBXFileReference; fileEncoding = 4; lastKnownFileType = sourcecode.cpp.cpp; path = main.cpp; sourceTree = "<group>"; };
		4BE9F7D7209CD98D00478031 /* main.hpp */ = {isa = PBXFileReference; fileEncoding = 4; lastKnownFileType = sourcecode.cpp.h; path = main.hpp; sourceTree = "<group>"; };
		4BE9F7D9209CDE1700478031 /* DuLinkList.cpp */ = {isa = PBXFileReference; fileEncoding = 4; lastKnownFileType = sourcecode.cpp.cpp; path = DuLinkList.cpp; sourceTree = "<group>"; };
		4BE9F7DA209CDE1700478031 /* DuLinkList.hpp */ = {isa = PBXFileReference; fileEncoding = 4; lastKnownFileType = sourcecode.cpp.h; path = DuLinkList.hpp; sourceTree = "<group>"; };
		4BE9F7DC209E2CFB00478031 /* SingleLink.cpp */ = {isa = PBXFileReference; fileEncoding = 4; lastKnownFileType = sourcecode.cpp.cpp; path = SingleLink.cpp; sourceTree = "<group>"; };
		4BE9F7DD209E2CFB00478031 /* SingleLink.hpp */ = {isa = PBXFileReference; fileEncoding = 4; lastKnownFileType = sourcecode.cpp.h; path = SingleLink.hpp; sourceTree = "<group>"; };
		4BE9F7DF209E377E00478031 /* StringUtils.cpp */ = {isa = PBXFileReference; fileEncoding = 4; lastKnownFileType = sourcecode.cpp.cpp; path = StringUtils.cpp; sourceTree = "<group>"; };
		4BE9F7E0209E377E00478031 /* StringUtils.hpp */ = {isa = PBXFileReference; fileEncoding = 4; lastKnownFileType = sourcecode.cpp.h; path = StringUtils.hpp; sourceTree = "<group>"; };
/* End PBXFileReference section */

/* Begin PBXFrameworksBuildPhase section */
		4BA6268D207EFE690052DD03 /* Frameworks */ = {
			isa = PBXFrameworksBuildPhase;
			buildActionMask = 2147483647;
			files = (
			);
			runOnlyForDeploymentPostprocessing = 0;
		};
/* End PBXFrameworksBuildPhase section */

/* Begin PBXGroup section */
		4BA62687207EFE690052DD03 = {
			isa = PBXGroup;
			children = (
				4BE9F7D6209CD98D00478031 /* main.cpp */,
				4B923E1320A4493000503299 /* VariadicTemplates.cpp */,
				4BC2C2E120A5C4B400B86FB9 /* Initialization_list.cpp */,
				4BE1732C20A600D1007CD1B8 /* UserDefineLiterals.cpp */,
				4BE1732D20A600D1007CD1B8 /* UserDefineLiterals.hpp */,
				4BE1732F20A6E7AE007CD1B8 /* ByteArray.cpp */,
				4BE1733020A6E7AE007CD1B8 /* ByteArray.hpp */,
				4BC2C2E220A5C4B400B86FB9 /* Initialization_list.hpp */,
				4B923E1420A4493000503299 /* VariadicTemplates.hpp */,
				4BE9F7DF209E377E00478031 /* StringUtils.cpp */,
				4BE9F7E0209E377E00478031 /* StringUtils.hpp */,
				4BE9F7D9209CDE1700478031 /* DuLinkList.cpp */,
				4BE9F7DA209CDE1700478031 /* DuLinkList.hpp */,
				4BE9F7DC209E2CFB00478031 /* SingleLink.cpp */,
				4BE9F7DD209E2CFB00478031 /* SingleLink.hpp */,
				4BE9F7D7209CD98D00478031 /* main.hpp */,
				4BE9F7D3209CD94400478031 /* test.cpp */,
				4BE9F7D4209CD94400478031 /* test.hpp */,
				4BA62692207EFE6A0052DD03 /* testdddd */,
				4BA62691207EFE6A0052DD03 /* Products */,
			);
			sourceTree = "<group>";
		};
		4BA62691207EFE6A0052DD03 /* Products */ = {
			isa = PBXGroup;
			children = (
				4BA62690207EFE6A0052DD03 /* testdddd */,
			);
			name = Products;
			sourceTree = "<group>";
		};
		4BA62692207EFE6A0052DD03 /* testdddd */ = {
			isa = PBXGroup;
			children = (
			);
			path = testdddd;
			sourceTree = "<group>";
		};
/* End PBXGroup section */

/* Begin PBXNativeTarget section */
		4BA6268F207EFE690052DD03 /* testdddd */ = {
			isa = PBXNativeTarget;
			buildConfigurationList = 4BA62697207EFE6A0052DD03 /* Build configuration list for PBXNativeTarget "testdddd" */;
			buildPhases = (
				4BA6268C207EFE690052DD03 /* Sources */,
				4BA6268D207EFE690052DD03 /* Frameworks */,
				4BA6268E207EFE690052DD03 /* CopyFiles */,
			);
			buildRules = (
			);
			dependencies = (
			);
			name = testdddd;
			productName = testdddd;
			productReference = 4BA62690207EFE6A0052DD03 /* testdddd */;
			productType = "com.apple.product-type.tool";
		};
/* End PBXNativeTarget section */

/* Begin PBXProject section */
		4BA62688207EFE690052DD03 /* Project object */ = {
			isa = PBXProject;
			attributes = {
				LastUpgradeCheck = 0810;
				ORGANIZATIONNAME = "Cheung Zirpon";
				TargetAttributes = {
					4BA6268F207EFE690052DD03 = {
						CreatedOnToolsVersion = 8.1;
						DevelopmentTeam = F99NX3N926;
						ProvisioningStyle = Automatic;
					};
				};
			};
			buildConfigurationList = 4BA6268B207EFE690052DD03 /* Build configuration list for PBXProject "testdddd" */;
			compatibilityVersion = "Xcode 3.2";
			developmentRegion = English;
			hasScannedForEncodings = 0;
			knownRegions = (
				en,
			);
			mainGroup = 4BA62687207EFE690052DD03;
			productRefGroup = 4BA62691207EFE6A0052DD03 /* Products */;
			projectDirPath = "";
			projectRoot = "";
			targets = (
				4BA6268F207EFE690052DD03 /* testdddd */,
			);
		};
/* End PBXProject section */

/* Begin PBXSourcesBuildPhase section */
		4BA6268C207EFE690052DD03 /* Sources */ = {
			isa = PBXSourcesBuildPhase;
			buildActionMask = 2147483647;
			files = (
				4B923E1520A4493000503299 /* VariadicTemplates.cpp in Sources */,
				4BE1732E20A600D1007CD1B8 /* UserDefineLiterals.cpp in Sources */,
				4BE9F7E1209E377E00478031 /* StringUtils.cpp in Sources */,
				4BE9F7DB209CDE1700478031 /* DuLinkList.cpp in Sources */,
				4BE1733120A6E7AE007CD1B8 /* ByteArray.cpp in Sources */,
				4BE9F7D8209CD98D00478031 /* main.cpp in Sources */,
				4BE9F7D5209CD94400478031 /* test.cpp in Sources */,
				4BC2C2E320A5C4B400B86FB9 /* Initialization_list.cpp in Sources */,
				4BE9F7DE209E2CFB00478031 /* SingleLink.cpp in Sources */,
			);
			runOnlyForDeploymentPostprocessing = 0;
		};
/* End PBXSourcesBuildPhase section */

/* Begin XCBuildConfiguration section */
		4BA62695207EFE6A0052DD03 /* Debug */ = {
			isa = XCBuildConfiguration;
			buildSettings = {
				ALWAYS_SEARCH_USER_PATHS = NO;
				CLANG_ANALYZER_NONNULL = YES;
				CLANG_CXX_LANGUAGE_STANDARD = "gnu++0x";
				CLANG_CXX_LIBRARY = "libc++";
				CLANG_ENABLE_MODULES = YES;
				CLANG_ENABLE_OBJC_ARC = YES;
				CLANG_WARN_BOOL_CONVERSION = YES;
				CLANG_WARN_CONSTANT_CONVERSION = YES;
				CLANG_WARN_DIRECT_OBJC_ISA_USAGE = YES_ERROR;
				CLANG_WARN_DOCUMENTATION_COMMENTS = YES;
				CLANG_WARN_EMPTY_BODY = YES;
				CLANG_WARN_ENUM_CONVERSION = YES;
				CLANG_WARN_INFINITE_RECURSION = YES;
				CLANG_WARN_INT_CONVERSION = YES;
				CLANG_WARN_OBJC_ROOT_CLASS = YES_ERROR;
				CLANG_WARN_SUSPICIOUS_MOVES = YES;
				CLANG_WARN_UNREACHABLE_CODE = YES;
				CLANG_WARN__DUPLICATE_METHOD_MATCH = YES;
				CODE_SIGN_IDENTITY = "-";
				COPY_PHASE_STRIP = NO;
				DEBUG_INFORMATION_FORMAT = dwarf;
				ENABLE_STRICT_OBJC_MSGSEND = YES;
				ENABLE_TESTABILITY = YES;
				GCC_C_LANGUAGE_STANDARD = gnu99;
				GCC_DYNAMIC_NO_PIC = NO;
				GCC_NO_COMMON_BLOCKS = YES;
				GCC_OPTIMIZATION_LEVEL = 0;
				GCC_PREPROCESSOR_DEFINITIONS = (
					"DEBUG=1",
					"$(inherited)",
				);
				GCC_WARN_64_TO_32_BIT_CONVERSION = YES;
				GCC_WARN_ABOUT_RETURN_TYPE = YES_ERROR;
				GCC_WARN_UNDECLARED_SELECTOR = YES;
				GCC_WARN_UNINITIALIZED_AUTOS = YES_AGGRESSIVE;
				GCC_WARN_UNUSED_FUNCTION = YES;
				GCC_WARN_UNUSED_VARIABLE = YES;
				MACOSX_DEPLOYMENT_TARGET = 10.13;
				MTL_ENABLE_DEBUG_INFO = YES;
				ONLY_ACTIVE_ARCH = YES;
				SDKROOT = macosx;
			};
			name = Debug;
		};
		4BA62696207EFE6A0052DD03 /* Release */ = {
			isa = XCBuildConfiguration;
			buildSettings = {
				ALWAYS_SEARCH_USER_PATHS = NO;
				CLANG_ANALYZER_NONNULL = YES;
				CLANG_CXX_LANGUAGE_STANDARD = "gnu++0x";
				CLANG_CXX_LIBRARY = "libc++";
				CLANG_ENABLE_MODULES = YES;
				CLANG_ENABLE_OBJC_ARC = YES;
				CLANG_WARN_BOOL_CONVERSION = YES;
				CLANG_WARN_CONSTANT_CONVERSION = YES;
				CLANG_WARN_DIRECT_OBJC_ISA_USAGE = YES_ERROR;
				CLANG_WARN_DOCUMENTATION_COMMENTS = YES;
				CLANG_WARN_EMPTY_BODY = YES;
				CLANG_WARN_ENUM_CONVERSION = YES;
				CLANG_WARN_INFINITE_RECURSION = YES;
				CLANG_WARN_INT_CONVERSION = YES;
				CLANG_WARN_OBJC_ROOT_CLASS = YES_ERROR;
				CLANG_WARN_SUSPICIOUS_MOVES = YES;
				CLANG_WARN_UNREACHABLE_CODE = YES;
				CLANG_WARN__DUPLICATE_METHOD_MATCH = YES;
				CODE_SIGN_IDENTITY = "-";
				COPY_PHASE_STRIP = NO;
				DEBUG_INFORMATION_FORMAT = "dwarf-with-dsym";
				ENABLE_NS_ASSERTIONS = NO;
				ENABLE_STRICT_OBJC_MSGSEND = YES;
				GCC_C_LANGUAGE_STANDARD = gnu99;
				GCC_NO_COMMON_BLOCKS = YES;
				GCC_WARN_64_TO_32_BIT_CONVERSION = YES;
				GCC_WARN_ABOUT_RETURN_TYPE = YES_ERROR;
				GCC_WARN_UNDECLARED_SELECTOR = YES;
				GCC_WARN_UNINITIALIZED_AUTOS = YES_AGGRESSIVE;
				GCC_WARN_UNUSED_FUNCTION = YES;
				GCC_WARN_UNUSED_VARIABLE = YES;
				MACOSX_DEPLOYMENT_TARGET = 10.13;
				MTL_ENABLE_DEBUG_INFO = NO;
				SDKROOT = macosx;
			};
			name = Release;
		};
		4BA62698207EFE6A0052DD03 /* Debug */ = {
			isa = XCBuildConfiguration;
			buildSettings = {
				DEVELOPMENT_TEAM = F99NX3N926;
				PRODUCT_NAME = "$(TARGET_NAME)";
				STRINGS_FILE_OUTPUT_ENCODING = "UTF-8";
			};
			name = Debug;
		};
		4BA62699207EFE6A0052DD03 /* Release */ = {
			isa = XCBuildConfiguration;
			buildSettings = {
				DEVELOPMENT_TEAM = F99NX3N926;
				PRODUCT_NAME = "$(TARGET_NAME)";
				STRINGS_FILE_OUTPUT_ENCODING = "UTF-8";
			};
			name = Release;
		};
/* End XCBuildConfiguration section */

/* Begin XCConfigurationList section */
		4BA6268B207EFE690052DD03 /* Build configuration list for PBXProject "testdddd" */ = {
			isa = XCConfigurationList;
			buildConfigurations = (
				4BA62695207EFE6A0052DD03 /* Debug */,
				4BA62696207EFE6A0052DD03 /* Release */,
			);
			defaultConfigurationIsVisible = 0;
			defaultConfigurationName = Release;
		};
		4BA62697207EFE6A0052DD03 /* Build configuration list for PBXNativeTarget "testdddd" */ = {
			isa = XCConfigurationList;
			buildConfigurations = (
				4BA62698207EFE6A0052DD03 /* Debug */,
				4BA62699207EFE6A0052DD03 /* Release */,
			);
			defaultConfigurationIsVisible = 0;
			defaultConfigurationName = Release;
		};
/* End XCConfigurationList section */
	};
	rootObject = 4BA62688207EFE690052DD03 /* Project object */;
}
